
Microsoft Visual Studio Solution File, Format Version 12.00
# Visual Studio Version 16
VisualStudioVersion = 16.0.32413.511
MinimumVisualStudioVersion = 10.0.40219.1
Project("{FAE04EC0-301F-11D3-BF4B-00C04F79EFBC}") = "Figury Lissajous", "Figury Lissajous.csproj", "{ABD78E9E-6F32-4363-BE77-3916CF69B9F7}"
EndProject
Global
	GlobalSection(SolutionConfigurationPlatforms) = preSolution
		Debug|Any CPU = Debug|Any CPU
		Release|Any CPU = Release|Any CPU
	EndGlobalSection
	GlobalSection(ProjectConfigurationPlatforms) = postSolution
		{ABD78E9E-6F32-4363-BE77-3916CF69B9F7}.Debug|Any CPU.ActiveCfg = Debug|Any CPU
		{ABD78E9E-6F32-4363-BE77-3916CF69B9F7}.Debug|Any CPU.Build.0 = Debug|Any CPU
		{ABD78E9E-6F32-4363-BE77-3916CF69B9F7}.Release|Any CPU.ActiveCfg = Release|Any CPU
		{ABD78E9E-6F32-4363-BE77-3916CF69B9F7}.Release|Any CPU.Build.0 = Release|Any CPU
	EndGlobalSection
	GlobalSection(SolutionProperties) = preSolution
		HideSolutionNode = FALSE
	EndGlobalSection
	GlobalSection(ExtensibilityGlobals) = postSolution
		SolutionGuid = {DDB13905-B2E2-44C1-A3D1-2E6B779E2C7A}
	EndGlobalSection
EndGlobal
